
Microsoft Visual Studio Solution File, Format Version 12.00
# Visual Studio Version 16
VisualStudioVersion = 16.0.29519.181
MinimumVisualStudioVersion = 10.0.40219.1
Project("{FAE04EC0-301F-11D3-BF4B-00C04F79EFBC}") = "P3-Bookr", "P3-Bookr.csproj", "{1EF75620-956F-4E04-9762-17647CDE8EB2}"
EndProject
Project("{FAE04EC0-301F-11D3-BF4B-00C04F79EFBC}") = "P3-Bookr.Tests", "..\P3-Bookr.Tests\P3-Bookr.Tests.csproj", "{BAABF099-11AA-40E9-AFFA-9D7BFC46C2BD}"
EndProject
Global
	GlobalSection(SolutionConfigurationPlatforms) = preSolution
		Debug|Any CPU = Debug|Any CPU
		Release|Any CPU = Release|Any CPU
	EndGlobalSection
	GlobalSection(ProjectConfigurationPlatforms) = postSolution
		{1EF75620-956F-4E04-9762-17647CDE8EB2}.Debug|Any CPU.ActiveCfg = Debug|Any CPU
		{1EF75620-956F-4E04-9762-17647CDE8EB2}.Debug|Any CPU.Build.0 = Debug|Any CPU
		{1EF75620-956F-4E04-9762-17647CDE8EB2}.Release|Any CPU.ActiveCfg = Release|Any CPU
		{1EF75620-956F-4E04-9762-17647CDE8EB2}.Release|Any CPU.Build.0 = Release|Any CPU
		{BAABF099-11AA-40E9-AFFA-9D7BFC46C2BD}.Debug|Any CPU.ActiveCfg = Debug|Any CPU
		{BAABF099-11AA-40E9-AFFA-9D7BFC46C2BD}.Debug|Any CPU.Build.0 = Debug|Any CPU
		{BAABF099-11AA-40E9-AFFA-9D7BFC46C2BD}.Release|Any CPU.ActiveCfg = Release|Any CPU
		{BAABF099-11AA-40E9-AFFA-9D7BFC46C2BD}.Release|Any CPU.Build.0 = Release|Any CPU
	EndGlobalSection
	GlobalSection(SolutionProperties) = preSolution
		HideSolutionNode = FALSE
	EndGlobalSection
	GlobalSection(ExtensibilityGlobals) = postSolution
		SolutionGuid = {A9CA64E0-902E-431D-83A6-D138A0F5B17A}
	EndGlobalSection
EndGlobal
